
Microsoft Visual Studio Solution File, Format Version 12.00
# Visual Studio Version 16
VisualStudioVersion = 16.0.31702.278
MinimumVisualStudioVersion = 10.0.40219.1
Project("{FAE04EC0-301F-11D3-BF4B-00C04F79EFBC}") = "Projeto 1117", "Projeto 1117\Projeto 1117.csproj", "{5CF6F058-6EF4-448F-B4FC-10DB887DCE8A}"
EndProject
Global
	GlobalSection(SolutionConfigurationPlatforms) = preSolution
		Debug|Any CPU = Debug|Any CPU
		Release|Any CPU = Release|Any CPU
	EndGlobalSection
	GlobalSection(ProjectConfigurationPlatforms) = postSolution
		{5CF6F058-6EF4-448F-B4FC-10DB887DCE8A}.Debug|Any CPU.ActiveCfg = Debug|Any CPU
		{5CF6F058-6EF4-448F-B4FC-10DB887DCE8A}.Debug|Any CPU.Build.0 = Debug|Any CPU
		{5CF6F058-6EF4-448F-B4FC-10DB887DCE8A}.Release|Any CPU.ActiveCfg = Release|Any CPU
		{5CF6F058-6EF4-448F-B4FC-10DB887DCE8A}.Release|Any CPU.Build.0 = Release|Any CPU
	EndGlobalSection
	GlobalSection(SolutionProperties) = preSolution
		HideSolutionNode = FALSE
	EndGlobalSection
	GlobalSection(ExtensibilityGlobals) = postSolution
		SolutionGuid = {34A95F32-C114-4EF3-9B71-87A5C97A6457}
	EndGlobalSection
EndGlobal
